
Microsoft Visual Studio Solution File, Format Version 12.00
# Visual Studio Version 16
VisualStudioVersion = 16.0.30907.101
MinimumVisualStudioVersion = 10.0.40219.1
Project("{FAE04EC0-301F-11D3-BF4B-00C04F79EFBC}") = "NUnitTestJavaScript", "NUnitTestJavaScript\NUnitTestJavaScript.csproj", "{57285FEC-E238-4101-981D-2FD731170511}"
EndProject
Global
	GlobalSection(SolutionConfigurationPlatforms) = preSolution
		Debug|Any CPU = Debug|Any CPU
		Release|Any CPU = Release|Any CPU
	EndGlobalSection
	GlobalSection(ProjectConfigurationPlatforms) = postSolution
		{57285FEC-E238-4101-981D-2FD731170511}.Debug|Any CPU.ActiveCfg = Debug|Any CPU
		{57285FEC-E238-4101-981D-2FD731170511}.Debug|Any CPU.Build.0 = Debug|Any CPU
		{57285FEC-E238-4101-981D-2FD731170511}.Release|Any CPU.ActiveCfg = Release|Any CPU
		{57285FEC-E238-4101-981D-2FD731170511}.Release|Any CPU.Build.0 = Release|Any CPU
	EndGlobalSection
	GlobalSection(SolutionProperties) = preSolution
		HideSolutionNode = FALSE
	EndGlobalSection
	GlobalSection(ExtensibilityGlobals) = postSolution
		SolutionGuid = {2316E803-F99B-4A93-B4DD-194C2C131760}
	EndGlobalSection
EndGlobal
